// !$*UTF8*$!
{
	archiveVersion = 1;
	classes = {
	};
	objectVersion = 46;
	objects = {

/* Begin PBXBuildFile section */
		CE05FFB01849433700764A43 /* CICGaugeBuilder.m in Sources */ = {isa = PBXBuildFile; fileRef = CE05FFAF1849433700764A43 /* CICGaugeBuilder.m */; };
		CE0C78101867B44C006C6C1C /* CICHomeScreenViewController.m in Sources */ = {isa = PBXBuildFile; fileRef = CE0C780F1867B44C006C6C1C /* CICHomeScreenViewController.m */; };
		CE0C78121867B4DD006C6C1C /* boost_logo.png in Resources */ = {isa = PBXBuildFile; fileRef = CE0C78111867B4DD006C6C1C /* boost_logo.png */; };
		CE141B4618C0108700C1F1FD /* iPad768x1024.png in Resources */ = {isa = PBXBuildFile; fileRef = CE141B3F18C0108700C1F1FD /* iPad768x1024.png */; };
		CE141B4718C0108700C1F1FD /* iPad1024x768.png in Resources */ = {isa = PBXBuildFile; fileRef = CE141B4018C0108700C1F1FD /* iPad1024x768.png */; };
		CE141B4818C0108700C1F1FD /* iPad1536x2048.png in Resources */ = {isa = PBXBuildFile; fileRef = CE141B4118C0108700C1F1FD /* iPad1536x2048.png */; };
		CE141B4918C0108700C1F1FD /* iPad2048x1536.png in Resources */ = {isa = PBXBuildFile; fileRef = CE141B4218C0108700C1F1FD /* iPad2048x1536.png */; };
		CE141B4A18C0108700C1F1FD /* iPhone320x480.png in Resources */ = {isa = PBXBuildFile; fileRef = CE141B4318C0108700C1F1FD /* iPhone320x480.png */; };
		CE141B4B18C0108700C1F1FD /* iPhone640x960.png in Resources */ = {isa = PBXBuildFile; fileRef = CE141B4418C0108700C1F1FD /* iPhone640x960.png */; };
		CE141B4C18C0108700C1F1FD /* iPhone640x1136.png in Resources */ = {isa = PBXBuildFile; fileRef = CE141B4518C0108700C1F1FD /* iPhone640x1136.png */; };
		CE141B5018C014EE00C1F1FD /* Default-568h@2x.png in Resources */ = {isa = PBXBuildFile; fileRef = CE141B4F18C014EE00C1F1FD /* Default-568h@2x.png */; };
		CE166EE518934BAB0063CB51 /* CICCalculateData.m in Sources */ = {isa = PBXBuildFile; fileRef = CE166EE418934BAB0063CB51 /* CICCalculateData.m */; };
		CE2E850B1847B01000C51A49 /* Foundation.framework in Frameworks */ = {isa = PBXBuildFile; fileRef = CE2E850A1847B01000C51A49 /* Foundation.framework */; };
		CE2E850D1847B01000C51A49 /* CoreGraphics.framework in Frameworks */ = {isa = PBXBuildFile; fileRef = CE2E850C1847B01000C51A49 /* CoreGraphics.framework */; };
		CE2E850F1847B01000C51A49 /* UIKit.framework in Frameworks */ = {isa = PBXBuildFile; fileRef = CE2E850E1847B01000C51A49 /* UIKit.framework */; };
		CE2E85151847B01000C51A49 /* InfoPlist.strings in Resources */ = {isa = PBXBuildFile; fileRef = CE2E85131847B01000C51A49 /* InfoPlist.strings */; };
		CE2E85171847B01000C51A49 /* main.m in Sources */ = {isa = PBXBuildFile; fileRef = CE2E85161847B01000C51A49 /* main.m */; };
		CE2E851B1847B01000C51A49 /* CICAppDelegate.m in Sources */ = {isa = PBXBuildFile; fileRef = CE2E851A1847B01000C51A49 /* CICAppDelegate.m */; };
		CE2E851E1847B01000C51A49 /* Main.storyboard in Resources */ = {isa = PBXBuildFile; fileRef = CE2E851C1847B01000C51A49 /* Main.storyboard */; };
		CE2E85231847B01000C51A49 /* Images.xcassets in Resources */ = {isa = PBXBuildFile; fileRef = CE2E85221847B01000C51A49 /* Images.xcassets */; };
		CE2E852A1847B01000C51A49 /* XCTest.framework in Frameworks */ = {isa = PBXBuildFile; fileRef = CE2E85291847B01000C51A49 /* XCTest.framework */; };
		CE2E852B1847B01000C51A49 /* Foundation.framework in Frameworks */ = {isa = PBXBuildFile; fileRef = CE2E850A1847B01000C51A49 /* Foundation.framework */; };
		CE2E852C1847B01000C51A49 /* UIKit.framework in Frameworks */ = {isa = PBXBuildFile; fileRef = CE2E850E1847B01000C51A49 /* UIKit.framework */; };
		CE2E85341847B01000C51A49 /* InfoPlist.strings in Resources */ = {isa = PBXBuildFile; fileRef = CE2E85321847B01000C51A49 /* InfoPlist.strings */; };
		CE2E85361847B01000C51A49 /* ChariotGaugeTests.m in Sources */ = {isa = PBXBuildFile; fileRef = CE2E85351847B01000C51A49 /* ChariotGaugeTests.m */; };
		CE30D3841863FF57005475C1 /* CICSingleGaugeViewController.m in Sources */ = {isa = PBXBuildFile; fileRef = CE30D3831863FF57005475C1 /* CICSingleGaugeViewController.m */; };
		CE34F40A18710A3700C1F12B /* CICDualGaugeViewController.m in Sources */ = {isa = PBXBuildFile; fileRef = CE34F40918710A3700C1F12B /* CICDualGaugeViewController.m */; };
		CE34F40D1872227F00C1F12B /* CICQuadGaugeViewController.m in Sources */ = {isa = PBXBuildFile; fileRef = CE34F40C1872227F00C1F12B /* CICQuadGaugeViewController.m */; };
		CE3DA0F7188348CD006650D9 /* CICBluetoothHandler.m in Sources */ = {isa = PBXBuildFile; fileRef = CE3DA0F6188348CD006650D9 /* CICBluetoothHandler.m */; };
		CE4F05B8187BB9D0000BFC0B /* LetsGoDigital.ttf in Resources */ = {isa = PBXBuildFile; fileRef = CE4F05B7187BB9D0000BFC0B /* LetsGoDigital.ttf */; };
		CE58A005186F4A2F001348DA /* bluetooth_logo.png in Resources */ = {isa = PBXBuildFile; fileRef = CE58A000186F4A2F001348DA /* bluetooth_logo.png */; };
		CE58A006186F4A2F001348DA /* custom_logo.png in Resources */ = {isa = PBXBuildFile; fileRef = CE58A001186F4A2F001348DA /* custom_logo.png */; };
		CE58A007186F4A2F001348DA /* oil_logo.png in Resources */ = {isa = PBXBuildFile; fileRef = CE58A002186F4A2F001348DA /* oil_logo.png */; };
		CE58A008186F4A2F001348DA /* settings_logo.png in Resources */ = {isa = PBXBuildFile; fileRef = CE58A003186F4A2F001348DA /* settings_logo.png */; };
		CE58A009186F4A2F001348DA /* wideband_logo.png in Resources */ = {isa = PBXBuildFile; fileRef = CE58A004186F4A2F001348DA /* wideband_logo.png */; };
		CE58A00D186F4C75001348DA /* four_gauges.png in Resources */ = {isa = PBXBuildFile; fileRef = CE58A00B186F4C75001348DA /* four_gauges.png */; };
		CE58A00F186F4CD1001348DA /* custom_multi_logo.png in Resources */ = {isa = PBXBuildFile; fileRef = CE58A00E186F4CD1001348DA /* custom_multi_logo.png */; };
		CE58A012186F8E3F001348DA /* CICDrawLine.m in Sources */ = {isa = PBXBuildFile; fileRef = CE58A011186F8E3F001348DA /* CICDrawLine.m */; };
		CE9CB7E4189483B600F24822 /* Settings.bundle in Resources */ = {isa = PBXBuildFile; fileRef = CE9CB7E3189483B600F24822 /* Settings.bundle */; };
		CE9CB8931896147D00F24822 /* IASKAppSettingsViewController.m in Sources */ = {isa = PBXBuildFile; fileRef = CE9CB8751896147D00F24822 /* IASKAppSettingsViewController.m */; };
		CE9CB8941896147D00F24822 /* IASKAppSettingsWebViewController.m in Sources */ = {isa = PBXBuildFile; fileRef = CE9CB8771896147D00F24822 /* IASKAppSettingsWebViewController.m */; };
		CE9CB8951896147D00F24822 /* IASKSpecifierValuesViewController.m in Sources */ = {isa = PBXBuildFile; fileRef = CE9CB8791896147D00F24822 /* IASKSpecifierValuesViewController.m */; };
		CE9CB8961896147D00F24822 /* IASKSettingsReader.m in Sources */ = {isa = PBXBuildFile; fileRef = CE9CB87D1896147D00F24822 /* IASKSettingsReader.m */; };
		CE9CB8971896147D00F24822 /* IASKSettingsStore.m in Sources */ = {isa = PBXBuildFile; fileRef = CE9CB87F1896147D00F24822 /* IASKSettingsStore.m */; };
		CE9CB8981896147D00F24822 /* IASKSettingsStoreFile.m in Sources */ = {isa = PBXBuildFile; fileRef = CE9CB8811896147D00F24822 /* IASKSettingsStoreFile.m */; };
		CE9CB8991896147D00F24822 /* IASKSettingsStoreUserDefaults.m in Sources */ = {isa = PBXBuildFile; fileRef = CE9CB8831896147D00F24822 /* IASKSettingsStoreUserDefaults.m */; };
		CE9CB89A1896147D00F24822 /* IASKSpecifier.m in Sources */ = {isa = PBXBuildFile; fileRef = CE9CB8851896147D00F24822 /* IASKSpecifier.m */; };
		CE9CB89B1896147D00F24822 /* IASKPSSliderSpecifierViewCell.m in Sources */ = {isa = PBXBuildFile; fileRef = CE9CB8881896147D00F24822 /* IASKPSSliderSpecifierViewCell.m */; };
		CE9CB89C1896147D00F24822 /* IASKPSTextFieldSpecifierViewCell.m in Sources */ = {isa = PBXBuildFile; fileRef = CE9CB88A1896147D00F24822 /* IASKPSTextFieldSpecifierViewCell.m */; };
		CE9CB89D1896147D00F24822 /* IASKPSTitleValueSpecifierViewCell.m in Sources */ = {isa = PBXBuildFile; fileRef = CE9CB88C1896147D00F24822 /* IASKPSTitleValueSpecifierViewCell.m */; };
		CE9CB89E1896147D00F24822 /* IASKSlider.m in Sources */ = {isa = PBXBuildFile; fileRef = CE9CB88E1896147D00F24822 /* IASKSlider.m */; };
		CE9CB89F1896147D00F24822 /* IASKSwitch.m in Sources */ = {isa = PBXBuildFile; fileRef = CE9CB8901896147D00F24822 /* IASKSwitch.m */; };
		CE9CB8A01896147D00F24822 /* IASKTextField.m in Sources */ = {isa = PBXBuildFile; fileRef = CE9CB8921896147D00F24822 /* IASKTextField.m */; };
		CEA4F64918BD9922001593F8 /* app_icon_29.png in Resources */ = {isa = PBXBuildFile; fileRef = CEA4F64218BD9922001593F8 /* app_icon_29.png */; };
		CEA4F64A18BD9922001593F8 /* app_icon_40.png in Resources */ = {isa = PBXBuildFile; fileRef = CEA4F64318BD9922001593F8 /* app_icon_40.png */; };
		CEA4F64B18BD9922001593F8 /* app_icon_58.png in Resources */ = {isa = PBXBuildFile; fileRef = CEA4F64418BD9922001593F8 /* app_icon_58.png */; };
		CEA4F64C18BD9922001593F8 /* app_icon_76.png in Resources */ = {isa = PBXBuildFile; fileRef = CEA4F64518BD9922001593F8 /* app_icon_76.png */; };
		CEA4F64D18BD9922001593F8 /* app_icon_80.png in Resources */ = {isa = PBXBuildFile; fileRef = CEA4F64618BD9922001593F8 /* app_icon_80.png */; };
		CEA4F64E18BD9922001593F8 /* app_icon_120.png in Resources */ = {isa = PBXBuildFile; fileRef = CEA4F64718BD9922001593F8 /* app_icon_120.png */; };
		CEA4F64F18BD9922001593F8 /* app_icon_152.png in Resources */ = {isa = PBXBuildFile; fileRef = CEA4F64818BD9922001593F8 /* app_icon_152.png */; };
		CEB7805218C02BD500473D9F /* CICSingleGaugeiPadViewController.m in Sources */ = {isa = PBXBuildFile; fileRef = CEB7805118C02BD500473D9F /* CICSingleGaugeiPadViewController.m */; };
		CEB7805518C038CD00473D9F /* CICDualGaugeiPadViewController.m in Sources */ = {isa = PBXBuildFile; fileRef = CEB7805418C038CD00473D9F /* CICDualGaugeiPadViewController.m */; };
		CEB7805818C038DF00473D9F /* CICQuadGaugeiPadViewController.m in Sources */ = {isa = PBXBuildFile; fileRef = CEB7805718C038DF00473D9F /* CICQuadGaugeiPadViewController.m */; };
		CEB856CB18C0213C007D0081 /* Main_iPad.storyboard in Resources */ = {isa = PBXBuildFile; fileRef = CEB856C918C0213C007D0081 /* Main_iPad.storyboard */; };
/* End PBXBuildFile section */

/* Begin PBXContainerItemProxy section */
		CE2E852D1847B01000C51A49 /* PBXContainerItemProxy */ = {
			isa = PBXContainerItemProxy;
			containerPortal = CE2E84FF1847B01000C51A49 /* Project object */;
			proxyType = 1;
			remoteGlobalIDString = CE2E85061847B01000C51A49;
			remoteInfo = ChariotGauge;
		};
/* End PBXContainerItemProxy section */

/* Begin PBXFileReference section */
		CE05FFAE1849433700764A43 /* CICGaugeBuilder.h */ = {isa = PBXFileReference; fileEncoding = 4; lastKnownFileType = sourcecode.c.h; path = CICGaugeBuilder.h; sourceTree = "<group>"; };
		CE05FFAF1849433700764A43 /* CICGaugeBuilder.m */ = {isa = PBXFileReference; fileEncoding = 4; lastKnownFileType = sourcecode.c.objc; path = CICGaugeBuilder.m; sourceTree = "<group>"; };
		CE0C780E1867B44C006C6C1C /* CICHomeScreenViewController.h */ = {isa = PBXFileReference; fileEncoding = 4; lastKnownFileType = sourcecode.c.h; path = CICHomeScreenViewController.h; sourceTree = "<group>"; };
		CE0C780F1867B44C006C6C1C /* CICHomeScreenViewController.m */ = {isa = PBXFileReference; fileEncoding = 4; lastKnownFileType = sourcecode.c.objc; path = CICHomeScreenViewController.m; sourceTree = "<group>"; };
		CE0C78111867B4DD006C6C1C /* boost_logo.png */ = {isa = PBXFileReference; lastKnownFileType = image.png; name = boost_logo.png; path = "../../../../Documents/Chariot Gauge/ChariotGauge Media/Project Sensor/Trent - Icon Set/Resized/boost_logo.png"; sourceTree = "<group>"; };
		CE141B3F18C0108700C1F1FD /* iPad768x1024.png */ = {isa = PBXFileReference; lastKnownFileType = image.png; path = iPad768x1024.png; sourceTree = "<group>"; };
		CE141B4018C0108700C1F1FD /* iPad1024x768.png */ = {isa = PBXFileReference; lastKnownFileType = image.png; path = iPad1024x768.png; sourceTree = "<group>"; };
		CE141B4118C0108700C1F1FD /* iPad1536x2048.png */ = {isa = PBXFileReference; lastKnownFileType = image.png; path = iPad1536x2048.png; sourceTree = "<group>"; };
		CE141B4218C0108700C1F1FD /* iPad2048x1536.png */ = {isa = PBXFileReference; lastKnownFileType = image.png; path = iPad2048x1536.png; sourceTree = "<group>"; };
		CE141B4318C0108700C1F1FD /* iPhone320x480.png */ = {isa = PBXFileReference; lastKnownFileType = image.png; path = iPhone320x480.png; sourceTree = "<group>"; };
		CE141B4418C0108700C1F1FD /* iPhone640x960.png */ = {isa = PBXFileReference; lastKnownFileType = image.png; path = iPhone640x960.png; sourceTree = "<group>"; };
		CE141B4518C0108700C1F1FD /* iPhone640x1136.png */ = {isa = PBXFileReference; lastKnownFileType = image.png; path = iPhone640x1136.png; sourceTree = "<group>"; };
		CE141B4F18C014EE00C1F1FD /* Default-568h@2x.png */ = {isa = PBXFileReference; lastKnownFileType = image.png; path = "Default-568h@2x.png"; sourceTree = "<group>"; };
		CE166EE318934BAB0063CB51 /* CICCalculateData.h */ = {isa = PBXFileReference; fileEncoding = 4; lastKnownFileType = sourcecode.c.h; path = CICCalculateData.h; sourceTree = "<group>"; };
		CE166EE418934BAB0063CB51 /* CICCalculateData.m */ = {isa = PBXFileReference; fileEncoding = 4; lastKnownFileType = sourcecode.c.objc; path = CICCalculateData.m; sourceTree = "<group>"; };
		CE2E85071847B01000C51A49 /* Chariot Gauge.app */ = {isa = PBXFileReference; explicitFileType = wrapper.application; includeInIndex = 0; path = "Chariot Gauge.app"; sourceTree = BUILT_PRODUCTS_DIR; };
		CE2E850A1847B01000C51A49 /* Foundation.framework */ = {isa = PBXFileReference; lastKnownFileType = wrapper.framework; name = Foundation.framework; path = System/Library/Frameworks/Foundation.framework; sourceTree = SDKROOT; };
		CE2E850C1847B01000C51A49 /* CoreGraphics.framework */ = {isa = PBXFileReference; lastKnownFileType = wrapper.framework; name = CoreGraphics.framework; path = System/Library/Frameworks/CoreGraphics.framework; sourceTree = SDKROOT; };
		CE2E850E1847B01000C51A49 /* UIKit.framework */ = {isa = PBXFileReference; lastKnownFileType = wrapper.framework; name = UIKit.framework; path = System/Library/Frameworks/UIKit.framework; sourceTree = SDKROOT; };
		CE2E85121847B01000C51A49 /* ChariotGauge-Info.plist */ = {isa = PBXFileReference; explicitFileType = text.xml; path = "ChariotGauge-Info.plist"; sourceTree = "<group>"; };
		CE2E85141847B01000C51A49 /* en */ = {isa = PBXFileReference; lastKnownFileType = text.plist.strings; name = en; path = en.lproj/InfoPlist.strings; sourceTree = "<group>"; };
		CE2E85161847B01000C51A49 /* main.m */ = {isa = PBXFileReference; lastKnownFileType = sourcecode.c.objc; path = main.m; sourceTree = "<group>"; };
		CE2E85181847B01000C51A49 /* ChariotGauge-Prefix.pch */ = {isa = PBXFileReference; lastKnownFileType = sourcecode.c.h; path = "ChariotGauge-Prefix.pch"; sourceTree = "<group>"; };
		CE2E85191847B01000C51A49 /* CICAppDelegate.h */ = {isa = PBXFileReference; lastKnownFileType = sourcecode.c.h; path = CICAppDelegate.h; sourceTree = "<group>"; };
		CE2E851A1847B01000C51A49 /* CICAppDelegate.m */ = {isa = PBXFileReference; lastKnownFileType = sourcecode.c.objc; path = CICAppDelegate.m; sourceTree = "<group>"; };
		CE2E851D1847B01000C51A49 /* Base */ = {isa = PBXFileReference; lastKnownFileType = file.storyboard; name = Base; path = Base.lproj/Main.storyboard; sourceTree = "<group>"; };
		CE2E85221847B01000C51A49 /* Images.xcassets */ = {isa = PBXFileReference; lastKnownFileType = folder.assetcatalog; path = Images.xcassets; sourceTree = "<group>"; };
		CE2E85281847B01000C51A49 /* ChariotGaugeTests.xctest */ = {isa = PBXFileReference; explicitFileType = wrapper.cfbundle; includeInIndex = 0; path = ChariotGaugeTests.xctest; sourceTree = BUILT_PRODUCTS_DIR; };
		CE2E85291847B01000C51A49 /* XCTest.framework */ = {isa = PBXFileReference; lastKnownFileType = wrapper.framework; name = XCTest.framework; path = Library/Frameworks/XCTest.framework; sourceTree = DEVELOPER_DIR; };
		CE2E85311847B01000C51A49 /* ChariotGaugeTests-Info.plist */ = {isa = PBXFileReference; lastKnownFileType = text.plist.xml; path = "ChariotGaugeTests-Info.plist"; sourceTree = "<group>"; };
		CE2E85331847B01000C51A49 /* en */ = {isa = PBXFileReference; lastKnownFileType = text.plist.strings; name = en; path = en.lproj/InfoPlist.strings; sourceTree = "<group>"; };
		CE2E85351847B01000C51A49 /* ChariotGaugeTests.m */ = {isa = PBXFileReference; lastKnownFileType = sourcecode.c.objc; path = ChariotGaugeTests.m; sourceTree = "<group>"; };
		CE30D3821863FF57005475C1 /* CICSingleGaugeViewController.h */ = {isa = PBXFileReference; fileEncoding = 4; lastKnownFileType = sourcecode.c.h; path = CICSingleGaugeViewController.h; sourceTree = "<group>"; };
		CE30D3831863FF57005475C1 /* CICSingleGaugeViewController.m */ = {isa = PBXFileReference; fileEncoding = 4; lastKnownFileType = sourcecode.c.objc; path = CICSingleGaugeViewController.m; sourceTree = "<group>"; };
		CE34F40818710A3700C1F12B /* CICDualGaugeViewController.h */ = {isa = PBXFileReference; fileEncoding = 4; lastKnownFileType = sourcecode.c.h; path = CICDualGaugeViewController.h; sourceTree = "<group>"; };
		CE34F40918710A3700C1F12B /* CICDualGaugeViewController.m */ = {isa = PBXFileReference; fileEncoding = 4; lastKnownFileType = sourcecode.c.objc; path = CICDualGaugeViewController.m; sourceTree = "<group>"; };
		CE34F40B1872227F00C1F12B /* CICQuadGaugeViewController.h */ = {isa = PBXFileReference; fileEncoding = 4; lastKnownFileType = sourcecode.c.h; path = CICQuadGaugeViewController.h; sourceTree = "<group>"; };
		CE34F40C1872227F00C1F12B /* CICQuadGaugeViewController.m */ = {isa = PBXFileReference; fileEncoding = 4; lastKnownFileType = sourcecode.c.objc; path = CICQuadGaugeViewController.m; sourceTree = "<group>"; };
		CE3DA0F5188348CD006650D9 /* CICBluetoothHandler.h */ = {isa = PBXFileReference; fileEncoding = 4; lastKnownFileType = sourcecode.c.h; path = CICBluetoothHandler.h; sourceTree = "<group>"; };
		CE3DA0F6188348CD006650D9 /* CICBluetoothHandler.m */ = {isa = PBXFileReference; fileEncoding = 4; lastKnownFileType = sourcecode.c.objc; path = CICBluetoothHandler.m; sourceTree = "<group>"; };
		CE4F05B7187BB9D0000BFC0B /* LetsGoDigital.ttf */ = {isa = PBXFileReference; lastKnownFileType = file; name = LetsGoDigital.ttf; path = "../../../Eclipse/Eclipse Dev/ChariotGauge/assets/fonts/LetsGoDigital.ttf"; sourceTree = "<group>"; };
		CE58A000186F4A2F001348DA /* bluetooth_logo.png */ = {isa = PBXFileReference; lastKnownFileType = image.png; name = bluetooth_logo.png; path = "../../../../Documents/Chariot Gauge/ChariotGauge Media/Project Sensor/Trent - Icon Set/Resized/bluetooth_logo.png"; sourceTree = "<group>"; };
		CE58A001186F4A2F001348DA /* custom_logo.png */ = {isa = PBXFileReference; lastKnownFileType = image.png; name = custom_logo.png; path = "../../../../Documents/Chariot Gauge/ChariotGauge Media/Project Sensor/Trent - Icon Set/Resized/custom_logo.png"; sourceTree = "<group>"; };
		CE58A002186F4A2F001348DA /* oil_logo.png */ = {isa = PBXFileReference; lastKnownFileType = image.png; name = oil_logo.png; path = "../../../../Documents/Chariot Gauge/ChariotGauge Media/Project Sensor/Trent - Icon Set/Resized/oil_logo.png"; sourceTree = "<group>"; };
		CE58A003186F4A2F001348DA /* settings_logo.png */ = {isa = PBXFileReference; lastKnownFileType = image.png; name = settings_logo.png; path = "../../../../Documents/Chariot Gauge/ChariotGauge Media/Project Sensor/Trent - Icon Set/Resized/settings_logo.png"; sourceTree = "<group>"; };
		CE58A004186F4A2F001348DA /* wideband_logo.png */ = {isa = PBXFileReference; lastKnownFileType = image.png; name = wideband_logo.png; path = "../../../../Documents/Chariot Gauge/ChariotGauge Media/Project Sensor/Trent - Icon Set/Resized/wideband_logo.png"; sourceTree = "<group>"; };
		CE58A00B186F4C75001348DA /* four_gauges.png */ = {isa = PBXFileReference; lastKnownFileType = image.png; name = four_gauges.png; path = "../../../../Documents/Chariot Gauge/ChariotGauge Media/Project Sensor/Trent - Icon Set/EGB ICONS/four_gauges.png"; sourceTree = "<group>"; };
		CE58A00E186F4CD1001348DA /* custom_multi_logo.png */ = {isa = PBXFileReference; lastKnownFileType = image.png; name = custom_multi_logo.png; path = "../../../../Documents/Chariot Gauge/ChariotGauge Media/Project Sensor/custom_multi_logo.png"; sourceTree = "<group>"; };
		CE58A010186F8E3F001348DA /* CICDrawLine.h */ = {isa = PBXFileReference; fileEncoding = 4; lastKnownFileType = sourcecode.c.h; path = CICDrawLine.h; sourceTree = "<group>"; };
		CE58A011186F8E3F001348DA /* CICDrawLine.m */ = {isa = PBXFileReference; fileEncoding = 4; lastKnownFileType = sourcecode.c.objc; path = CICDrawLine.m; sourceTree = "<group>"; };
		CE9CB7E3189483B600F24822 /* Settings.bundle */ = {isa = PBXFileReference; lastKnownFileType = "wrapper.plug-in"; path = Settings.bundle; sourceTree = "<group>"; };
		CE9CB8741896147D00F24822 /* IASKAppSettingsViewController.h */ = {isa = PBXFileReference; fileEncoding = 4; lastKnownFileType = sourcecode.c.h; path = IASKAppSettingsViewController.h; sourceTree = "<group>"; };
		CE9CB8751896147D00F24822 /* IASKAppSettingsViewController.m */ = {isa = PBXFileReference; fileEncoding = 4; lastKnownFileType = sourcecode.c.objc; path = IASKAppSettingsViewController.m; sourceTree = "<group>"; };
		CE9CB8761896147D00F24822 /* IASKAppSettingsWebViewController.h */ = {isa = PBXFileReference; fileEncoding = 4; lastKnownFileType = sourcecode.c.h; path = IASKAppSettingsWebViewController.h; sourceTree = "<group>"; };
		CE9CB8771896147D00F24822 /* IASKAppSettingsWebViewController.m */ = {isa = PBXFileReference; fileEncoding = 4; lastKnownFileType = sourcecode.c.objc; path = IASKAppSettingsWebViewController.m; sourceTree = "<group>"; };
		CE9CB8781896147D00F24822 /* IASKSpecifierValuesViewController.h */ = {isa = PBXFileReference; fileEncoding = 4; lastKnownFileType = sourcecode.c.h; path = IASKSpecifierValuesViewController.h; sourceTree = "<group>"; };
		CE9CB8791896147D00F24822 /* IASKSpecifierValuesViewController.m */ = {isa = PBXFileReference; fileEncoding = 4; lastKnownFileType = sourcecode.c.objc; path = IASKSpecifierValuesViewController.m; sourceTree = "<group>"; };
		CE9CB87A1896147D00F24822 /* IASKViewController.h */ = {isa = PBXFileReference; fileEncoding = 4; lastKnownFileType = sourcecode.c.h; path = IASKViewController.h; sourceTree = "<group>"; };
		CE9CB87C1896147D00F24822 /* IASKSettingsReader.h */ = {isa = PBXFileReference; fileEncoding = 4; lastKnownFileType = sourcecode.c.h; path = IASKSettingsReader.h; sourceTree = "<group>"; };
		CE9CB87D1896147D00F24822 /* IASKSettingsReader.m */ = {isa = PBXFileReference; fileEncoding = 4; lastKnownFileType = sourcecode.c.objc; path = IASKSettingsReader.m; sourceTree = "<group>"; };
		CE9CB87E1896147D00F24822 /* IASKSettingsStore.h */ = {isa = PBXFileReference; fileEncoding = 4; lastKnownFileType = sourcecode.c.h; path = IASKSettingsStore.h; sourceTree = "<group>"; };
		CE9CB87F1896147D00F24822 /* IASKSettingsStore.m */ = {isa = PBXFileReference; fileEncoding = 4; lastKnownFileType = sourcecode.c.objc; path = IASKSettingsStore.m; sourceTree = "<group>"; };
		CE9CB8801896147D00F24822 /* IASKSettingsStoreFile.h */ = {isa = PBXFileReference; fileEncoding = 4; lastKnownFileType = sourcecode.c.h; path = IASKSettingsStoreFile.h; sourceTree = "<group>"; };
		CE9CB8811896147D00F24822 /* IASKSettingsStoreFile.m */ = {isa = PBXFileReference; fileEncoding = 4; lastKnownFileType = sourcecode.c.objc; path = IASKSettingsStoreFile.m; sourceTree = "<group>"; };
		CE9CB8821896147D00F24822 /* IASKSettingsStoreUserDefaults.h */ = {isa = PBXFileReference; fileEncoding = 4; lastKnownFileType = sourcecode.c.h; path = IASKSettingsStoreUserDefaults.h; sourceTree = "<group>"; };
		CE9CB8831896147D00F24822 /* IASKSettingsStoreUserDefaults.m */ = {isa = PBXFileReference; fileEncoding = 4; lastKnownFileType = sourcecode.c.objc; path = IASKSettingsStoreUserDefaults.m; sourceTree = "<group>"; };
		CE9CB8841896147D00F24822 /* IASKSpecifier.h */ = {isa = PBXFileReference; fileEncoding = 4; lastKnownFileType = sourcecode.c.h; path = IASKSpecifier.h; sourceTree = "<group>"; };
		CE9CB8851896147D00F24822 /* IASKSpecifier.m */ = {isa = PBXFileReference; fileEncoding = 4; lastKnownFileType = sourcecode.c.objc; path = IASKSpecifier.m; sourceTree = "<group>"; };
		CE9CB8871896147D00F24822 /* IASKPSSliderSpecifierViewCell.h */ = {isa = PBXFileReference; fileEncoding = 4; lastKnownFileType = sourcecode.c.h; path = IASKPSSliderSpecifierViewCell.h; sourceTree = "<group>"; };
		CE9CB8881896147D00F24822 /* IASKPSSliderSpecifierViewCell.m */ = {isa = PBXFileReference; fileEncoding = 4; lastKnownFileType = sourcecode.c.objc; path = IASKPSSliderSpecifierViewCell.m; sourceTree = "<group>"; };
		CE9CB8891896147D00F24822 /* IASKPSTextFieldSpecifierViewCell.h */ = {isa = PBXFileReference; fileEncoding = 4; lastKnownFileType = sourcecode.c.h; path = IASKPSTextFieldSpecifierViewCell.h; sourceTree = "<group>"; };
		CE9CB88A1896147D00F24822 /* IASKPSTextFieldSpecifierViewCell.m */ = {isa = PBXFileReference; fileEncoding = 4; lastKnownFileType = sourcecode.c.objc; path = IASKPSTextFieldSpecifierViewCell.m; sourceTree = "<group>"; };
		CE9CB88B1896147D00F24822 /* IASKPSTitleValueSpecifierViewCell.h */ = {isa = PBXFileReference; fileEncoding = 4; lastKnownFileType = sourcecode.c.h; path = IASKPSTitleValueSpecifierViewCell.h; sourceTree = "<group>"; };
		CE9CB88C1896147D00F24822 /* IASKPSTitleValueSpecifierViewCell.m */ = {isa = PBXFileReference; fileEncoding = 4; lastKnownFileType = sourcecode.c.objc; path = IASKPSTitleValueSpecifierViewCell.m; sourceTree = "<group>"; };
		CE9CB88D1896147D00F24822 /* IASKSlider.h */ = {isa = PBXFileReference; fileEncoding = 4; lastKnownFileType = sourcecode.c.h; path = IASKSlider.h; sourceTree = "<group>"; };
		CE9CB88E1896147D00F24822 /* IASKSlider.m */ = {isa = PBXFileReference; fileEncoding = 4; lastKnownFileType = sourcecode.c.objc; path = IASKSlider.m; sourceTree = "<group>"; };
		CE9CB88F1896147D00F24822 /* IASKSwitch.h */ = {isa = PBXFileReference; fileEncoding = 4; lastKnownFileType = sourcecode.c.h; path = IASKSwitch.h; sourceTree = "<group>"; };
		CE9CB8901896147D00F24822 /* IASKSwitch.m */ = {isa = PBXFileReference; fileEncoding = 4; lastKnownFileType = sourcecode.c.objc; path = IASKSwitch.m; sourceTree = "<group>"; };
		CE9CB8911896147D00F24822 /* IASKTextField.h */ = {isa = PBXFileReference; fileEncoding = 4; lastKnownFileType = sourcecode.c.h; path = IASKTextField.h; sourceTree = "<group>"; };
		CE9CB8921896147D00F24822 /* IASKTextField.m */ = {isa = PBXFileReference; fileEncoding = 4; lastKnownFileType = sourcecode.c.objc; path = IASKTextField.m; sourceTree = "<group>"; };
		CEA4F64218BD9922001593F8 /* app_icon_29.png */ = {isa = PBXFileReference; lastKnownFileType = image.png; path = app_icon_29.png; sourceTree = "<group>"; };
		CEA4F64318BD9922001593F8 /* app_icon_40.png */ = {isa = PBXFileReference; lastKnownFileType = image.png; path = app_icon_40.png; sourceTree = "<group>"; };
		CEA4F64418BD9922001593F8 /* app_icon_58.png */ = {isa = PBXFileReference; lastKnownFileType = image.png; path = app_icon_58.png; sourceTree = "<group>"; };
		CEA4F64518BD9922001593F8 /* app_icon_76.png */ = {isa = PBXFileReference; lastKnownFileType = image.png; path = app_icon_76.png; sourceTree = "<group>"; };
		CEA4F64618BD9922001593F8 /* app_icon_80.png */ = {isa = PBXFileReference; lastKnownFileType = image.png; path = app_icon_80.png; sourceTree = "<group>"; };
		CEA4F64718BD9922001593F8 /* app_icon_120.png */ = {isa = PBXFileReference; lastKnownFileType = image.png; path = app_icon_120.png; sourceTree = "<group>"; };
		CEA4F64818BD9922001593F8 /* app_icon_152.png */ = {isa = PBXFileReference; lastKnownFileType = image.png; path = app_icon_152.png; sourceTree = "<group>"; };
		CEB7805018C02BD500473D9F /* CICSingleGaugeiPadViewController.h */ = {isa = PBXFileReference; fileEncoding = 4; lastKnownFileType = sourcecode.c.h; path = CICSingleGaugeiPadViewController.h; sourceTree = "<group>"; };
		CEB7805118C02BD500473D9F /* CICSingleGaugeiPadViewController.m */ = {isa = PBXFileReference; fileEncoding = 4; lastKnownFileType = sourcecode.c.objc; path = CICSingleGaugeiPadViewController.m; sourceTree = "<group>"; };
		CEB7805318C038CD00473D9F /* CICDualGaugeiPadViewController.h */ = {isa = PBXFileReference; fileEncoding = 4; lastKnownFileType = sourcecode.c.h; path = CICDualGaugeiPadViewController.h; sourceTree = "<group>"; };
		CEB7805418C038CD00473D9F /* CICDualGaugeiPadViewController.m */ = {isa = PBXFileReference; fileEncoding = 4; lastKnownFileType = sourcecode.c.objc; path = CICDualGaugeiPadViewController.m; sourceTree = "<group>"; };
		CEB7805618C038DF00473D9F /* CICQuadGaugeiPadViewController.h */ = {isa = PBXFileReference; fileEncoding = 4; lastKnownFileType = sourcecode.c.h; path = CICQuadGaugeiPadViewController.h; sourceTree = "<group>"; };
		CEB7805718C038DF00473D9F /* CICQuadGaugeiPadViewController.m */ = {isa = PBXFileReference; fileEncoding = 4; lastKnownFileType = sourcecode.c.objc; path = CICQuadGaugeiPadViewController.m; sourceTree = "<group>"; };
		CEB856CA18C0213C007D0081 /* Base */ = {isa = PBXFileReference; lastKnownFileType = file.storyboard; name = Base; path = Base.lproj/Main_iPad.storyboard; sourceTree = "<group>"; };
/* End PBXFileReference section */

/* Begin PBXFrameworksBuildPhase section */
		CE2E85041847B01000C51A49 /* Frameworks */ = {
			isa = PBXFrameworksBuildPhase;
			buildActionMask = 2147483647;
			files = (
				CE2E850D1847B01000C51A49 /* CoreGraphics.framework in Frameworks */,
				CE2E850F1847B01000C51A49 /* UIKit.framework in Frameworks */,
				CE2E850B1847B01000C51A49 /* Foundation.framework in Frameworks */,
			);
			runOnlyForDeploymentPostprocessing = 0;
		};
		CE2E85251847B01000C51A49 /* Frameworks */ = {
			isa = PBXFrameworksBuildPhase;
			buildActionMask = 2147483647;
			files = (
				CE2E852A1847B01000C51A49 /* XCTest.framework in Frameworks */,
				CE2E852C1847B01000C51A49 /* UIKit.framework in Frameworks */,
				CE2E852B1847B01000C51A49 /* Foundation.framework in Frameworks */,
			);
			runOnlyForDeploymentPostprocessing = 0;
		};
/* End PBXFrameworksBuildPhase section */

/* Begin PBXGroup section */
		CE0C780D1867B3F8006C6C1C /* Images */ = {
			isa = PBXGroup;
			children = (
				CE58A00E186F4CD1001348DA /* custom_multi_logo.png */,
				CE58A00B186F4C75001348DA /* four_gauges.png */,
				CE58A000186F4A2F001348DA /* bluetooth_logo.png */,
				CE58A001186F4A2F001348DA /* custom_logo.png */,
				CE58A002186F4A2F001348DA /* oil_logo.png */,
				CE58A003186F4A2F001348DA /* settings_logo.png */,
				CE58A004186F4A2F001348DA /* wideband_logo.png */,
				CE0C78111867B4DD006C6C1C /* boost_logo.png */,
			);
			name = Images;
			sourceTree = "<group>";
		};
		CE141B3E18C0103D00C1F1FD /* Launch_Images */ = {
			isa = PBXGroup;
			children = (
				CE141B3F18C0108700C1F1FD /* iPad768x1024.png */,
				CE141B4018C0108700C1F1FD /* iPad1024x768.png */,
				CE141B4118C0108700C1F1FD /* iPad1536x2048.png */,
				CE141B4218C0108700C1F1FD /* iPad2048x1536.png */,
				CE141B4318C0108700C1F1FD /* iPhone320x480.png */,
				CE141B4418C0108700C1F1FD /* iPhone640x960.png */,
				CE141B4518C0108700C1F1FD /* iPhone640x1136.png */,
			);
			name = Launch_Images;
			sourceTree = "<group>";
		};
		CE2E84FE1847B01000C51A49 = {
			isa = PBXGroup;
			children = (
				CE141B4F18C014EE00C1F1FD /* Default-568h@2x.png */,
				CE9CB8721896147D00F24822 /* InAppSettingsKit */,
				CE2E85101847B01000C51A49 /* ChariotGauge */,
				CE2E852F1847B01000C51A49 /* ChariotGaugeTests */,
				CE2E85091847B01000C51A49 /* Frameworks */,
				CE2E85081847B01000C51A49 /* Products */,
			);
			sourceTree = "<group>";
		};
		CE2E85081847B01000C51A49 /* Products */ = {
			isa = PBXGroup;
			children = (
				CE2E85071847B01000C51A49 /* Chariot Gauge.app */,
				CE2E85281847B01000C51A49 /* ChariotGaugeTests.xctest */,
			);
			name = Products;
			sourceTree = "<group>";
		};
		CE2E85091847B01000C51A49 /* Frameworks */ = {
			isa = PBXGroup;
			children = (
				CE2E850A1847B01000C51A49 /* Foundation.framework */,
				CE2E850C1847B01000C51A49 /* CoreGraphics.framework */,
				CE2E850E1847B01000C51A49 /* UIKit.framework */,
				CE2E85291847B01000C51A49 /* XCTest.framework */,
			);
			name = Frameworks;
			sourceTree = "<group>";
		};
		CE2E85101847B01000C51A49 /* ChariotGauge */ = {
			isa = PBXGroup;
			children = (
				CEA4F65C18BD9A8B001593F8 /* iPad */,
				CE2E85191847B01000C51A49 /* CICAppDelegate.h */,
				CE2E851A1847B01000C51A49 /* CICAppDelegate.m */,
				CE3DA0F5188348CD006650D9 /* CICBluetoothHandler.h */,
				CE3DA0F6188348CD006650D9 /* CICBluetoothHandler.m */,
				CEB856C918C0213C007D0081 /* Main_iPad.storyboard */,
				CE2E851C1847B01000C51A49 /* Main.storyboard */,
				CE0C780E1867B44C006C6C1C /* CICHomeScreenViewController.h */,
				CE0C780F1867B44C006C6C1C /* CICHomeScreenViewController.m */,
				CE30D3821863FF57005475C1 /* CICSingleGaugeViewController.h */,
				CE30D3831863FF57005475C1 /* CICSingleGaugeViewController.m */,
				CE34F40818710A3700C1F12B /* CICDualGaugeViewController.h */,
				CE34F40918710A3700C1F12B /* CICDualGaugeViewController.m */,
				CE34F40B1872227F00C1F12B /* CICQuadGaugeViewController.h */,
				CE34F40C1872227F00C1F12B /* CICQuadGaugeViewController.m */,
				CE166EE318934BAB0063CB51 /* CICCalculateData.h */,
				CE166EE418934BAB0063CB51 /* CICCalculateData.m */,
				CE58A010186F8E3F001348DA /* CICDrawLine.h */,
				CE58A011186F8E3F001348DA /* CICDrawLine.m */,
				CE05FFAE1849433700764A43 /* CICGaugeBuilder.h */,
				CE05FFAF1849433700764A43 /* CICGaugeBuilder.m */,
				CE141B3E18C0103D00C1F1FD /* Launch_Images */,
				CE9CB7E3189483B600F24822 /* Settings.bundle */,
				CE2E85221847B01000C51A49 /* Images.xcassets */,
				CEA4F64118BD9829001593F8 /* App_Icons */,
				CE0C780D1867B3F8006C6C1C /* Images */,
				CE2E85111847B01000C51A49 /* Supporting Files */,
			);
			path = ChariotGauge;
			sourceTree = "<group>";
		};
		CE2E85111847B01000C51A49 /* Supporting Files */ = {
			isa = PBXGroup;
			children = (
				CE4F05B7187BB9D0000BFC0B /* LetsGoDigital.ttf */,
				CE2E85121847B01000C51A49 /* ChariotGauge-Info.plist */,
				CE2E85131847B01000C51A49 /* InfoPlist.strings */,
				CE2E85161847B01000C51A49 /* main.m */,
				CE2E85181847B01000C51A49 /* ChariotGauge-Prefix.pch */,
			);
			name = "Supporting Files";
			sourceTree = "<group>";
		};
		CE2E852F1847B01000C51A49 /* ChariotGaugeTests */ = {
			isa = PBXGroup;
			children = (
				CE2E85351847B01000C51A49 /* ChariotGaugeTests.m */,
				CE2E85301847B01000C51A49 /* Supporting Files */,
			);
			path = ChariotGaugeTests;
			sourceTree = "<group>";
		};
		CE2E85301847B01000C51A49 /* Supporting Files */ = {
			isa = PBXGroup;
			children = (
				CE2E85311847B01000C51A49 /* ChariotGaugeTests-Info.plist */,
				CE2E85321847B01000C51A49 /* InfoPlist.strings */,
			);
			name = "Supporting Files";
			sourceTree = "<group>";
		};
		CE9CB8721896147D00F24822 /* InAppSettingsKit */ = {
			isa = PBXGroup;
			children = (
				CE9CB8731896147D00F24822 /* Controllers */,
				CE9CB87B1896147D00F24822 /* Models */,
				CE9CB8861896147D00F24822 /* Views */,
			);
			path = InAppSettingsKit;
			sourceTree = "<group>";
		};
		CE9CB8731896147D00F24822 /* Controllers */ = {
			isa = PBXGroup;
			children = (
				CE9CB8741896147D00F24822 /* IASKAppSettingsViewController.h */,
				CE9CB8751896147D00F24822 /* IASKAppSettingsViewController.m */,
				CE9CB8761896147D00F24822 /* IASKAppSettingsWebViewController.h */,
				CE9CB8771896147D00F24822 /* IASKAppSettingsWebViewController.m */,
				CE9CB8781896147D00F24822 /* IASKSpecifierValuesViewController.h */,
				CE9CB8791896147D00F24822 /* IASKSpecifierValuesViewController.m */,
				CE9CB87A1896147D00F24822 /* IASKViewController.h */,
			);
			path = Controllers;
			sourceTree = "<group>";
		};
		CE9CB87B1896147D00F24822 /* Models */ = {
			isa = PBXGroup;
			children = (
				CE9CB87C1896147D00F24822 /* IASKSettingsReader.h */,
				CE9CB87D1896147D00F24822 /* IASKSettingsReader.m */,
				CE9CB87E1896147D00F24822 /* IASKSettingsStore.h */,
				CE9CB87F1896147D00F24822 /* IASKSettingsStore.m */,
				CE9CB8801896147D00F24822 /* IASKSettingsStoreFile.h */,
				CE9CB8811896147D00F24822 /* IASKSettingsStoreFile.m */,
				CE9CB8821896147D00F24822 /* IASKSettingsStoreUserDefaults.h */,
				CE9CB8831896147D00F24822 /* IASKSettingsStoreUserDefaults.m */,
				CE9CB8841896147D00F24822 /* IASKSpecifier.h */,
				CE9CB8851896147D00F24822 /* IASKSpecifier.m */,
			);
			path = Models;
			sourceTree = "<group>";
		};
		CE9CB8861896147D00F24822 /* Views */ = {
			isa = PBXGroup;
			children = (
				CE9CB8871896147D00F24822 /* IASKPSSliderSpecifierViewCell.h */,
				CE9CB8881896147D00F24822 /* IASKPSSliderSpecifierViewCell.m */,
				CE9CB8891896147D00F24822 /* IASKPSTextFieldSpecifierViewCell.h */,
				CE9CB88A1896147D00F24822 /* IASKPSTextFieldSpecifierViewCell.m */,
				CE9CB88B1896147D00F24822 /* IASKPSTitleValueSpecifierViewCell.h */,
				CE9CB88C1896147D00F24822 /* IASKPSTitleValueSpecifierViewCell.m */,
				CE9CB88D1896147D00F24822 /* IASKSlider.h */,
				CE9CB88E1896147D00F24822 /* IASKSlider.m */,
				CE9CB88F1896147D00F24822 /* IASKSwitch.h */,
				CE9CB8901896147D00F24822 /* IASKSwitch.m */,
				CE9CB8911896147D00F24822 /* IASKTextField.h */,
				CE9CB8921896147D00F24822 /* IASKTextField.m */,
			);
			path = Views;
			sourceTree = "<group>";
		};
		CEA4F64118BD9829001593F8 /* App_Icons */ = {
			isa = PBXGroup;
			children = (
				CEA4F64218BD9922001593F8 /* app_icon_29.png */,
				CEA4F64318BD9922001593F8 /* app_icon_40.png */,
				CEA4F64418BD9922001593F8 /* app_icon_58.png */,
				CEA4F64518BD9922001593F8 /* app_icon_76.png */,
				CEA4F64618BD9922001593F8 /* app_icon_80.png */,
				CEA4F64718BD9922001593F8 /* app_icon_120.png */,
				CEA4F64818BD9922001593F8 /* app_icon_152.png */,
			);
			name = App_Icons;
			sourceTree = "<group>";
		};
		CEA4F65C18BD9A8B001593F8 /* iPad */ = {
			isa = PBXGroup;
			children = (
				CEB7805018C02BD500473D9F /* CICSingleGaugeiPadViewController.h */,
				CEB7805118C02BD500473D9F /* CICSingleGaugeiPadViewController.m */,
				CEB7805318C038CD00473D9F /* CICDualGaugeiPadViewController.h */,
				CEB7805418C038CD00473D9F /* CICDualGaugeiPadViewController.m */,
				CEB7805618C038DF00473D9F /* CICQuadGaugeiPadViewController.h */,
				CEB7805718C038DF00473D9F /* CICQuadGaugeiPadViewController.m */,
			);
			name = iPad;
			sourceTree = "<group>";
		};
/* End PBXGroup section */

/* Begin PBXNativeTarget section */
		CE2E85061847B01000C51A49 /* ChariotGauge */ = {
			isa = PBXNativeTarget;
			buildConfigurationList = CE2E85391847B01000C51A49 /* Build configuration list for PBXNativeTarget "ChariotGauge" */;
			buildPhases = (
				CE2E85031847B01000C51A49 /* Sources */,
				CE2E85041847B01000C51A49 /* Frameworks */,
				CE2E85051847B01000C51A49 /* Resources */,
			);
			buildRules = (
			);
			dependencies = (
			);
			name = ChariotGauge;
			productName = ChariotGauge;
			productReference = CE2E85071847B01000C51A49 /* Chariot Gauge.app */;
			productType = "com.apple.product-type.application";
		};
		CE2E85271847B01000C51A49 /* ChariotGaugeTests */ = {
			isa = PBXNativeTarget;
			buildConfigurationList = CE2E853C1847B01000C51A49 /* Build configuration list for PBXNativeTarget "ChariotGaugeTests" */;
			buildPhases = (
				CE2E85241847B01000C51A49 /* Sources */,
				CE2E85251847B01000C51A49 /* Frameworks */,
				CE2E85261847B01000C51A49 /* Resources */,
			);
			buildRules = (
			);
			dependencies = (
				CE2E852E1847B01000C51A49 /* PBXTargetDependency */,
			);
			name = ChariotGaugeTests;
			productName = ChariotGaugeTests;
			productReference = CE2E85281847B01000C51A49 /* ChariotGaugeTests.xctest */;
			productType = "com.apple.product-type.bundle.unit-test";
		};
/* End PBXNativeTarget section */

/* Begin PBXProject section */
		CE2E84FF1847B01000C51A49 /* Project object */ = {
			isa = PBXProject;
			attributes = {
				CLASSPREFIX = CIC;
				LastUpgradeCheck = 0510;
				ORGANIZATIONNAME = "Chariot Instruments";
				TargetAttributes = {
					CE2E85061847B01000C51A49 = {
						DevelopmentTeam = 3BGPPYGR46;
					};
					CE2E85271847B01000C51A49 = {
						TestTargetID = CE2E85061847B01000C51A49;
					};
				};
			};
			buildConfigurationList = CE2E85021847B01000C51A49 /* Build configuration list for PBXProject "ChariotGauge" */;
			compatibilityVersion = "Xcode 3.2";
			developmentRegion = English;
			hasScannedForEncodings = 0;
			knownRegions = (
				en,
				Base,
			);
			mainGroup = CE2E84FE1847B01000C51A49;
			productRefGroup = CE2E85081847B01000C51A49 /* Products */;
			projectDirPath = "";
			projectRoot = "";
			targets = (
				CE2E85061847B01000C51A49 /* ChariotGauge */,
				CE2E85271847B01000C51A49 /* ChariotGaugeTests */,
			);
		};
/* End PBXProject section */

/* Begin PBXResourcesBuildPhase section */
		CE2E85051847B01000C51A49 /* Resources */ = {
			isa = PBXResourcesBuildPhase;
			buildActionMask = 2147483647;
			files = (
				CE2E85231847B01000C51A49 /* Images.xcassets in Resources */,
				CE4F05B8187BB9D0000BFC0B /* LetsGoDigital.ttf in Resources */,
				CE9CB7E4189483B600F24822 /* Settings.bundle in Resources */,
				CE141B4818C0108700C1F1FD /* iPad1536x2048.png in Resources */,
				CE58A006186F4A2F001348DA /* custom_logo.png in Resources */,
				CE141B5018C014EE00C1F1FD /* Default-568h@2x.png in Resources */,
				CE141B4A18C0108700C1F1FD /* iPhone320x480.png in Resources */,
				CE141B4618C0108700C1F1FD /* iPad768x1024.png in Resources */,
				CE0C78121867B4DD006C6C1C /* boost_logo.png in Resources */,
				CE141B4B18C0108700C1F1FD /* iPhone640x960.png in Resources */,
				CE141B4C18C0108700C1F1FD /* iPhone640x1136.png in Resources */,
				CEA4F64E18BD9922001593F8 /* app_icon_120.png in Resources */,
				CE58A009186F4A2F001348DA /* wideband_logo.png in Resources */,
				CEA4F64D18BD9922001593F8 /* app_icon_80.png in Resources */,
				CE2E85151847B01000C51A49 /* InfoPlist.strings in Resources */,
				CEA4F64B18BD9922001593F8 /* app_icon_58.png in Resources */,
				CEA4F64C18BD9922001593F8 /* app_icon_76.png in Resources */,
				CE58A005186F4A2F001348DA /* bluetooth_logo.png in Resources */,
				CE58A00D186F4C75001348DA /* four_gauges.png in Resources */,
				CE141B4918C0108700C1F1FD /* iPad2048x1536.png in Resources */,
				CEA4F64A18BD9922001593F8 /* app_icon_40.png in Resources */,
				CE58A008186F4A2F001348DA /* settings_logo.png in Resources */,
				CEA4F64F18BD9922001593F8 /* app_icon_152.png in Resources */,
				CE141B4718C0108700C1F1FD /* iPad1024x768.png in Resources */,
				CE2E851E1847B01000C51A49 /* Main.storyboard in Resources */,
				CE58A007186F4A2F001348DA /* oil_logo.png in Resources */,
				CEB856CB18C0213C007D0081 /* Main_iPad.storyboard in Resources */,
				CE58A00F186F4CD1001348DA /* custom_multi_logo.png in Resources */,
				CEA4F64918BD9922001593F8 /* app_icon_29.png in Resources */,
			);
			runOnlyForDeploymentPostprocessing = 0;
		};
		CE2E85261847B01000C51A49 /* Resources */ = {
			isa = PBXResourcesBuildPhase;
			buildActionMask = 2147483647;
			files = (
				CE2E85341847B01000C51A49 /* InfoPlist.strings in Resources */,
			);
			runOnlyForDeploymentPostprocessing = 0;
		};
/* End PBXResourcesBuildPhase section */

/* Begin PBXSourcesBuildPhase section */
		CE2E85031847B01000C51A49 /* Sources */ = {
			isa = PBXSourcesBuildPhase;
			buildActionMask = 2147483647;
			files = (
				CE30D3841863FF57005475C1 /* CICSingleGaugeViewController.m in Sources */,
				CE9CB89D1896147D00F24822 /* IASKPSTitleValueSpecifierViewCell.m in Sources */,
				CE9CB89B1896147D00F24822 /* IASKPSSliderSpecifierViewCell.m in Sources */,
				CE9CB8951896147D00F24822 /* IASKSpecifierValuesViewController.m in Sources */,
				CE9CB89E1896147D00F24822 /* IASKSlider.m in Sources */,
				CE34F40D1872227F00C1F12B /* CICQuadGaugeViewController.m in Sources */,
				CEB7805818C038DF00473D9F /* CICQuadGaugeiPadViewController.m in Sources */,
				CE34F40A18710A3700C1F12B /* CICDualGaugeViewController.m in Sources */,
				CE9CB89C1896147D00F24822 /* IASKPSTextFieldSpecifierViewCell.m in Sources */,
				CE9CB8971896147D00F24822 /* IASKSettingsStore.m in Sources */,
				CE3DA0F7188348CD006650D9 /* CICBluetoothHandler.m in Sources */,
				CE58A012186F8E3F001348DA /* CICDrawLine.m in Sources */,
				CE9CB8961896147D00F24822 /* IASKSettingsReader.m in Sources */,
				CEB7805518C038CD00473D9F /* CICDualGaugeiPadViewController.m in Sources */,
				CE166EE518934BAB0063CB51 /* CICCalculateData.m in Sources */,
				CE2E851B1847B01000C51A49 /* CICAppDelegate.m in Sources */,
				CE0C78101867B44C006C6C1C /* CICHomeScreenViewController.m in Sources */,
				CE9CB8991896147D00F24822 /* IASKSettingsStoreUserDefaults.m in Sources */,
				CE9CB8981896147D00F24822 /* IASKSettingsStoreFile.m in Sources */,
				CE9CB89F1896147D00F24822 /* IASKSwitch.m in Sources */,
				CE9CB89A1896147D00F24822 /* IASKSpecifier.m in Sources */,
				CE2E85171847B01000C51A49 /* main.m in Sources */,
				CE9CB8941896147D00F24822 /* IASKAppSettingsWebViewController.m in Sources */,
				CE9CB8A01896147D00F24822 /* IASKTextField.m in Sources */,
				CEB7805218C02BD500473D9F /* CICSingleGaugeiPadViewController.m in Sources */,
				CE05FFB01849433700764A43 /* CICGaugeBuilder.m in Sources */,
				CE9CB8931896147D00F24822 /* IASKAppSettingsViewController.m in Sources */,
			);
			runOnlyForDeploymentPostprocessing = 0;
		};
		CE2E85241847B01000C51A49 /* Sources */ = {
			isa = PBXSourcesBuildPhase;
			buildActionMask = 2147483647;
			files = (
				CE2E85361847B01000C51A49 /* ChariotGaugeTests.m in Sources */,
			);
			runOnlyForDeploymentPostprocessing = 0;
		};
/* End PBXSourcesBuildPhase section */

/* Begin PBXTargetDependency section */
		CE2E852E1847B01000C51A49 /* PBXTargetDependency */ = {
			isa = PBXTargetDependency;
			target = CE2E85061847B01000C51A49 /* ChariotGauge */;
			targetProxy = CE2E852D1847B01000C51A49 /* PBXContainerItemProxy */;
		};
/* End PBXTargetDependency section */

/* Begin PBXVariantGroup section */
		CE2E85131847B01000C51A49 /* InfoPlist.strings */ = {
			isa = PBXVariantGroup;
			children = (
				CE2E85141847B01000C51A49 /* en */,
			);
			name = InfoPlist.strings;
			sourceTree = "<group>";
		};
		CE2E851C1847B01000C51A49 /* Main.storyboard */ = {
			isa = PBXVariantGroup;
			children = (
				CE2E851D1847B01000C51A49 /* Base */,
			);
			name = Main.storyboard;
			sourceTree = "<group>";
		};
		CE2E85321847B01000C51A49 /* InfoPlist.strings */ = {
			isa = PBXVariantGroup;
			children = (
				CE2E85331847B01000C51A49 /* en */,
			);
			name = InfoPlist.strings;
			sourceTree = "<group>";
		};
		CEB856C918C0213C007D0081 /* Main_iPad.storyboard */ = {
			isa = PBXVariantGroup;
			children = (
				CEB856CA18C0213C007D0081 /* Base */,
			);
			name = Main_iPad.storyboard;
			sourceTree = "<group>";
		};
/* End PBXVariantGroup section */

/* Begin XCBuildConfiguration section */
		CE2E85371847B01000C51A49 /* Debug */ = {
			isa = XCBuildConfiguration;
			buildSettings = {
				ALWAYS_SEARCH_USER_PATHS = NO;
				CLANG_CXX_LANGUAGE_STANDARD = "gnu++0x";
				CLANG_CXX_LIBRARY = "libc++";
				CLANG_ENABLE_MODULES = YES;
				CLANG_ENABLE_OBJC_ARC = YES;
				CLANG_WARN_BOOL_CONVERSION = YES;
				CLANG_WARN_CONSTANT_CONVERSION = YES;
				CLANG_WARN_DIRECT_OBJC_ISA_USAGE = YES_ERROR;
				CLANG_WARN_EMPTY_BODY = YES;
				CLANG_WARN_ENUM_CONVERSION = YES;
				CLANG_WARN_INT_CONVERSION = YES;
				CLANG_WARN_OBJC_ROOT_CLASS = YES_ERROR;
				CLANG_WARN__DUPLICATE_METHOD_MATCH = YES;
				"CODE_SIGN_IDENTITY[sdk=iphoneos*]" = "iPhone Developer";
				COPY_PHASE_STRIP = NO;
				GCC_C_LANGUAGE_STANDARD = gnu99;
				GCC_DYNAMIC_NO_PIC = NO;
				GCC_OPTIMIZATION_LEVEL = 0;
				GCC_PREPROCESSOR_DEFINITIONS = (
					"DEBUG=1",
					"$(inherited)",
				);
				GCC_SYMBOLS_PRIVATE_EXTERN = NO;
				GCC_WARN_64_TO_32_BIT_CONVERSION = YES;
				GCC_WARN_ABOUT_RETURN_TYPE = YES_ERROR;
				GCC_WARN_UNDECLARED_SELECTOR = YES;
				GCC_WARN_UNINITIALIZED_AUTOS = YES;
				GCC_WARN_UNUSED_FUNCTION = YES;
				GCC_WARN_UNUSED_VARIABLE = YES;
				IPHONEOS_DEPLOYMENT_TARGET = 7.0;
				ONLY_ACTIVE_ARCH = YES;
				SDKROOT = iphoneos;
			};
			name = Debug;
		};
		CE2E85381847B01000C51A49 /* Release */ = {
			isa = XCBuildConfiguration;
			buildSettings = {
				ALWAYS_SEARCH_USER_PATHS = NO;
				CLANG_CXX_LANGUAGE_STANDARD = "gnu++0x";
				CLANG_CXX_LIBRARY = "libc++";
				CLANG_ENABLE_MODULES = YES;
				CLANG_ENABLE_OBJC_ARC = YES;
				CLANG_WARN_BOOL_CONVERSION = YES;
				CLANG_WARN_CONSTANT_CONVERSION = YES;
				CLANG_WARN_DIRECT_OBJC_ISA_USAGE = YES_ERROR;
				CLANG_WARN_EMPTY_BODY = YES;
				CLANG_WARN_ENUM_CONVERSION = YES;
				CLANG_WARN_INT_CONVERSION = YES;
				CLANG_WARN_OBJC_ROOT_CLASS = YES_ERROR;
				CLANG_WARN__DUPLICATE_METHOD_MATCH = YES;
				"CODE_SIGN_IDENTITY[sdk=iphoneos*]" = "iPhone Developer";
				COPY_PHASE_STRIP = YES;
				ENABLE_NS_ASSERTIONS = NO;
				GCC_C_LANGUAGE_STANDARD = gnu99;
				GCC_WARN_64_TO_32_BIT_CONVERSION = YES;
				GCC_WARN_ABOUT_RETURN_TYPE = YES_ERROR;
				GCC_WARN_UNDECLARED_SELECTOR = YES;
				GCC_WARN_UNINITIALIZED_AUTOS = YES;
				GCC_WARN_UNUSED_FUNCTION = YES;
				GCC_WARN_UNUSED_VARIABLE = YES;
				IPHONEOS_DEPLOYMENT_TARGET = 7.0;
				SDKROOT = iphoneos;
				VALIDATE_PRODUCT = YES;
			};
			name = Release;
		};
		CE2E853A1847B01000C51A49 /* Debug */ = {
			isa = XCBuildConfiguration;
			buildSettings = {
				ASSETCATALOG_COMPILER_APPICON_NAME = "AppIcon-2";
				ASSETCATALOG_COMPILER_LAUNCHIMAGE_NAME = "LaunchImage-2";
				CODE_SIGN_IDENTITY = "iPhone Distribution: Michael Meyer (3BGPPYGR46)";
				"CODE_SIGN_IDENTITY[sdk=*]" = "iPhone Distribution: Michael Meyer (3BGPPYGR46)";
				GCC_PRECOMPILE_PREFIX_HEADER = YES;
				GCC_PREFIX_HEADER = "ChariotGauge/ChariotGauge-Prefix.pch";
				INFOPLIST_FILE = "ChariotGauge/ChariotGauge-Info.plist";
				IPHONEOS_DEPLOYMENT_TARGET = 7.0;
				PRODUCT_NAME = "Chariot Gauge";
				PROVISIONING_PROFILE = "C657328E-7F24-4687-9A6D-03CCBD93573E";
				TARGETED_DEVICE_FAMILY = "1,2";
				WRAPPER_EXTENSION = app;
			};
			name = Debug;
		};
		CE2E853B1847B01000C51A49 /* Release */ = {
			isa = XCBuildConfiguration;
			buildSettings = {
				ASSETCATALOG_COMPILER_APPICON_NAME = "AppIcon-2";
				ASSETCATALOG_COMPILER_LAUNCHIMAGE_NAME = "LaunchImage-2";
				CODE_SIGN_IDENTITY = "iPhone Distribution: Michael Meyer (3BGPPYGR46)";
				"CODE_SIGN_IDENTITY[sdk=iphoneos*]" = "iPhone Distribution: Michael Meyer (3BGPPYGR46)";
				GCC_PRECOMPILE_PREFIX_HEADER = YES;
				GCC_PREFIX_HEADER = "ChariotGauge/ChariotGauge-Prefix.pch";
				INFOPLIST_FILE = "ChariotGauge/ChariotGauge-Info.plist";
				IPHONEOS_DEPLOYMENT_TARGET = 7.0;
				PRODUCT_NAME = "Chariot Gauge";
				PROVISIONING_PROFILE = "C657328E-7F24-4687-9A6D-03CCBD93573E";
				TARGETED_DEVICE_FAMILY = "1,2";
				WRAPPER_EXTENSION = app;
			};
			name = Release;
		};
		CE2E853D1847B01000C51A49 /* Debug */ = {
			isa = XCBuildConfiguration;
			buildSettings = {
				BUNDLE_LOADER = "$(BUILT_PRODUCTS_DIR)/ChariotGauge.app/ChariotGauge";
				FRAMEWORK_SEARCH_PATHS = (
					"$(SDKROOT)/Developer/Library/Frameworks",
					"$(inherited)",
					"$(DEVELOPER_FRAMEWORKS_DIR)",
				);
				GCC_PRECOMPILE_PREFIX_HEADER = YES;
				GCC_PREFIX_HEADER = "ChariotGauge/ChariotGauge-Prefix.pch";
				GCC_PREPROCESSOR_DEFINITIONS = (
					"DEBUG=1",
					"$(inherited)",
				);
				INFOPLIST_FILE = "ChariotGaugeTests/ChariotGaugeTests-Info.plist";
				PRODUCT_NAME = "$(TARGET_NAME)";
				TEST_HOST = "$(BUNDLE_LOADER)";
				WRAPPER_EXTENSION = xctest;
			};
			name = Debug;
		};
		CE2E853E1847B01000C51A49 /* Release */ = {
			isa = XCBuildConfiguration;
			buildSettings = {
				BUNDLE_LOADER = "$(BUILT_PRODUCTS_DIR)/ChariotGauge.app/ChariotGauge";
				FRAMEWORK_SEARCH_PATHS = (
					"$(SDKROOT)/Developer/Library/Frameworks",
					"$(inherited)",
					"$(DEVELOPER_FRAMEWORKS_DIR)",
				);
				GCC_PRECOMPILE_PREFIX_HEADER = YES;
				GCC_PREFIX_HEADER = "ChariotGauge/ChariotGauge-Prefix.pch";
				INFOPLIST_FILE = "ChariotGaugeTests/ChariotGaugeTests-Info.plist";
				PRODUCT_NAME = "$(TARGET_NAME)";
				TEST_HOST = "$(BUNDLE_LOADER)";
				WRAPPER_EXTENSION = xctest;
			};
			name = Release;
		};
/* End XCBuildConfiguration section */

/* Begin XCConfigurationList section */
		CE2E85021847B01000C51A49 /* Build configuration list for PBXProject "ChariotGauge" */ = {
			isa = XCConfigurationList;
			buildConfigurations = (
				CE2E85371847B01000C51A49 /* Debug */,
				CE2E85381847B01000C51A49 /* Release */,
			);
			defaultConfigurationIsVisible = 0;
			defaultConfigurationName = Release;
		};
		CE2E85391847B01000C51A49 /* Build configuration list for PBXNativeTarget "ChariotGauge" */ = {
			isa = XCConfigurationList;
			buildConfigurations = (
				CE2E853A1847B01000C51A49 /* Debug */,
				CE2E853B1847B01000C51A49 /* Release */,
			);
			defaultConfigurationIsVisible = 0;
			defaultConfigurationName = Release;
		};
		CE2E853C1847B01000C51A49 /* Build configuration list for PBXNativeTarget "ChariotGaugeTests" */ = {
			isa = XCConfigurationList;
			buildConfigurations = (
				CE2E853D1847B01000C51A49 /* Debug */,
				CE2E853E1847B01000C51A49 /* Release */,
			);
			defaultConfigurationIsVisible = 0;
			defaultConfigurationName = Release;
		};
/* End XCConfigurationList section */
	};
	rootObject = CE2E84FF1847B01000C51A49 /* Project object */;
}
